// !$*UTF8*$!
{
	archiveVersion = 1;
	classes = {
	};
	objectVersion = 56;
	objects = {

/* Begin PBXBuildFile section */
		2EA59A812AD7158500F4C4CC /* ChefDeliveryApp.swift in Sources */ = {isa = PBXBuildFile; fileRef = 2EA59A802AD7158500F4C4CC /* ChefDeliveryApp.swift */; };
		2EA59A832AD7158500F4C4CC /* ContentView.swift in Sources */ = {isa = PBXBuildFile; fileRef = 2EA59A822AD7158500F4C4CC /* ContentView.swift */; };
		2EA59A852AD7158600F4C4CC /* Assets.xcassets in Resources */ = {isa = PBXBuildFile; fileRef = 2EA59A842AD7158600F4C4CC /* Assets.xcassets */; };
		2EA59A882AD7158600F4C4CC /* Preview Assets.xcassets in Resources */ = {isa = PBXBuildFile; fileRef = 2EA59A872AD7158600F4C4CC /* Preview Assets.xcassets */; };
		2EF2DB6F2AE69FF80007ECC4 /* NavigationBar.swift in Sources */ = {isa = PBXBuildFile; fileRef = 2EF2DB6E2AE69FF80007ECC4 /* NavigationBar.swift */; };
		2EF2DB722AE6E3170007ECC4 /* OrderTypeGridView.swift in Sources */ = {isa = PBXBuildFile; fileRef = 2EF2DB712AE6E3170007ECC4 /* OrderTypeGridView.swift */; };
		2EF2DB752AE6EDCC0007ECC4 /* OrderType.swift in Sources */ = {isa = PBXBuildFile; fileRef = 2EF2DB742AE6EDCC0007ECC4 /* OrderType.swift */; };
		2EF2DB772AE6EE510007ECC4 /* DataSourceMock.swift in Sources */ = {isa = PBXBuildFile; fileRef = 2EF2DB762AE6EE510007ECC4 /* DataSourceMock.swift */; };
		2EF2DB792AE6F9750007ECC4 /* OrderTypeView.swift in Sources */ = {isa = PBXBuildFile; fileRef = 2EF2DB782AE6F9750007ECC4 /* OrderTypeView.swift */; };
		2EF2DB7C2AE705250007ECC4 /* CarouselItemView.swift in Sources */ = {isa = PBXBuildFile; fileRef = 2EF2DB7B2AE705250007ECC4 /* CarouselItemView.swift */; };
		2EF2DB7E2AE707070007ECC4 /* CarouselTabView.swift in Sources */ = {isa = PBXBuildFile; fileRef = 2EF2DB7D2AE707070007ECC4 /* CarouselTabView.swift */; };
		2EF2DB812AE7E9250007ECC4 /* StoreItemView.swift in Sources */ = {isa = PBXBuildFile; fileRef = 2EF2DB802AE7E9250007ECC4 /* StoreItemView.swift */; };
		2EF2DB832AE7EBF20007ECC4 /* StoreContainerView.swift in Sources */ = {isa = PBXBuildFile; fileRef = 2EF2DB822AE7EBF20007ECC4 /* StoreContainerView.swift */; };
		2EF2DB862AE7F3270007ECC4 /* HomeView.swift in Sources */ = {isa = PBXBuildFile; fileRef = 2EF2DB852AE7F3270007ECC4 /* HomeView.swift */; };
/* End PBXBuildFile section */

/* Begin PBXFileReference section */
		2EA59A7D2AD7158500F4C4CC /* ChefDelivery.app */ = {isa = PBXFileReference; explicitFileType = wrapper.application; includeInIndex = 0; path = ChefDelivery.app; sourceTree = BUILT_PRODUCTS_DIR; };
		2EA59A802AD7158500F4C4CC /* ChefDeliveryApp.swift */ = {isa = PBXFileReference; lastKnownFileType = sourcecode.swift; path = ChefDeliveryApp.swift; sourceTree = "<group>"; };
		2EA59A822AD7158500F4C4CC /* ContentView.swift */ = {isa = PBXFileReference; lastKnownFileType = sourcecode.swift; path = ContentView.swift; sourceTree = "<group>"; };
		2EA59A842AD7158600F4C4CC /* Assets.xcassets */ = {isa = PBXFileReference; lastKnownFileType = folder.assetcatalog; path = Assets.xcassets; sourceTree = "<group>"; };
		2EA59A872AD7158600F4C4CC /* Preview Assets.xcassets */ = {isa = PBXFileReference; lastKnownFileType = folder.assetcatalog; path = "Preview Assets.xcassets"; sourceTree = "<group>"; };
		2EF2DB6E2AE69FF80007ECC4 /* NavigationBar.swift */ = {isa = PBXFileReference; lastKnownFileType = sourcecode.swift; path = NavigationBar.swift; sourceTree = "<group>"; };
		2EF2DB712AE6E3170007ECC4 /* OrderTypeGridView.swift */ = {isa = PBXFileReference; lastKnownFileType = sourcecode.swift; path = OrderTypeGridView.swift; sourceTree = "<group>"; };
		2EF2DB742AE6EDCC0007ECC4 /* OrderType.swift */ = {isa = PBXFileReference; lastKnownFileType = sourcecode.swift; path = OrderType.swift; sourceTree = "<group>"; };
		2EF2DB762AE6EE510007ECC4 /* DataSourceMock.swift */ = {isa = PBXFileReference; lastKnownFileType = sourcecode.swift; path = DataSourceMock.swift; sourceTree = "<group>"; };
		2EF2DB782AE6F9750007ECC4 /* OrderTypeView.swift */ = {isa = PBXFileReference; lastKnownFileType = sourcecode.swift; path = OrderTypeView.swift; sourceTree = "<group>"; };
		2EF2DB7B2AE705250007ECC4 /* CarouselItemView.swift */ = {isa = PBXFileReference; lastKnownFileType = sourcecode.swift; path = CarouselItemView.swift; sourceTree = "<group>"; };
		2EF2DB7D2AE707070007ECC4 /* CarouselTabView.swift */ = {isa = PBXFileReference; lastKnownFileType = sourcecode.swift; path = CarouselTabView.swift; sourceTree = "<group>"; };
		2EF2DB802AE7E9250007ECC4 /* StoreItemView.swift */ = {isa = PBXFileReference; lastKnownFileType = sourcecode.swift; path = StoreItemView.swift; sourceTree = "<group>"; };
		2EF2DB822AE7EBF20007ECC4 /* StoreContainerView.swift */ = {isa = PBXFileReference; lastKnownFileType = sourcecode.swift; path = StoreContainerView.swift; sourceTree = "<group>"; };
		2EF2DB852AE7F3270007ECC4 /* HomeView.swift */ = {isa = PBXFileReference; lastKnownFileType = sourcecode.swift; path = HomeView.swift; sourceTree = "<group>"; };
/* End PBXFileReference section */

/* Begin PBXFrameworksBuildPhase section */
		2EA59A7A2AD7158500F4C4CC /* Frameworks */ = {
			isa = PBXFrameworksBuildPhase;
			buildActionMask = 2147483647;
			files = (
			);
			runOnlyForDeploymentPostprocessing = 0;
		};
/* End PBXFrameworksBuildPhase section */

/* Begin PBXGroup section */
		2EA59A742AD7158500F4C4CC = {
			isa = PBXGroup;
			children = (
				2EA59A7F2AD7158500F4C4CC /* ChefDelivery */,
				2EA59A7E2AD7158500F4C4CC /* Products */,
			);
			sourceTree = "<group>";
		};
		2EA59A7E2AD7158500F4C4CC /* Products */ = {
			isa = PBXGroup;
			children = (
				2EA59A7D2AD7158500F4C4CC /* ChefDelivery.app */,
			);
			name = Products;
			sourceTree = "<group>";
		};
		2EA59A7F2AD7158500F4C4CC /* ChefDelivery */ = {
			isa = PBXGroup;
			children = (
				2EF2DB842AE7F3110007ECC4 /* HomeView */,
				2EF2DB7F2AE7E8FF0007ECC4 /* StoresView */,
				2EF2DB7A2AE704E50007ECC4 /* CarouselView */,
				2EF2DB732AE6EDA60007ECC4 /* Model */,
				2EF2DB702AE6E2ED0007ECC4 /* GridView */,
				2EF2DB6D2AE69F640007ECC4 /* App */,
				2EF2DB6C2AE69F360007ECC4 /* NavigationBar */,
				2EA59A842AD7158600F4C4CC /* Assets.xcassets */,
				2EA59A862AD7158600F4C4CC /* Preview Content */,
			);
			path = ChefDelivery;
			sourceTree = "<group>";
		};
		2EA59A862AD7158600F4C4CC /* Preview Content */ = {
			isa = PBXGroup;
			children = (
				2EA59A872AD7158600F4C4CC /* Preview Assets.xcassets */,
			);
			path = "Preview Content";
			sourceTree = "<group>";
		};
		2EF2DB6C2AE69F360007ECC4 /* NavigationBar */ = {
			isa = PBXGroup;
			children = (
				2EF2DB6E2AE69FF80007ECC4 /* NavigationBar.swift */,
			);
			path = NavigationBar;
			sourceTree = "<group>";
		};
		2EF2DB6D2AE69F640007ECC4 /* App */ = {
			isa = PBXGroup;
			children = (
				2EA59A802AD7158500F4C4CC /* ChefDeliveryApp.swift */,
				2EA59A822AD7158500F4C4CC /* ContentView.swift */,
			);
			path = App;
			sourceTree = "<group>";
		};
		2EF2DB702AE6E2ED0007ECC4 /* GridView */ = {
			isa = PBXGroup;
			children = (
				2EF2DB712AE6E3170007ECC4 /* OrderTypeGridView.swift */,
				2EF2DB782AE6F9750007ECC4 /* OrderTypeView.swift */,
			);
			path = GridView;
			sourceTree = "<group>";
		};
		2EF2DB732AE6EDA60007ECC4 /* Model */ = {
			isa = PBXGroup;
			children = (
				2EF2DB742AE6EDCC0007ECC4 /* OrderType.swift */,
				2EF2DB762AE6EE510007ECC4 /* DataSourceMock.swift */,
			);
			path = Model;
			sourceTree = "<group>";
		};
		2EF2DB7A2AE704E50007ECC4 /* CarouselView */ = {
			isa = PBXGroup;
			children = (
				2EF2DB7B2AE705250007ECC4 /* CarouselItemView.swift */,
				2EF2DB7D2AE707070007ECC4 /* CarouselTabView.swift */,
			);
			path = CarouselView;
			sourceTree = "<group>";
		};
		2EF2DB7F2AE7E8FF0007ECC4 /* StoresView */ = {
			isa = PBXGroup;
			children = (
				2EF2DB802AE7E9250007ECC4 /* StoreItemView.swift */,
				2EF2DB822AE7EBF20007ECC4 /* StoreContainerView.swift */,
			);
			path = StoresView;
			sourceTree = "<group>";
		};
		2EF2DB842AE7F3110007ECC4 /* HomeView */ = {
			isa = PBXGroup;
			children = (
				2EF2DB852AE7F3270007ECC4 /* HomeView.swift */,
			);
			path = HomeView;
			sourceTree = "<group>";
		};
/* End PBXGroup section */

/* Begin PBXNativeTarget section */
		2EA59A7C2AD7158500F4C4CC /* ChefDelivery */ = {
			isa = PBXNativeTarget;
			buildConfigurationList = 2EA59A8B2AD7158600F4C4CC /* Build configuration list for PBXNativeTarget "ChefDelivery" */;
			buildPhases = (
				2EA59A792AD7158500F4C4CC /* Sources */,
				2EA59A7A2AD7158500F4C4CC /* Frameworks */,
				2EA59A7B2AD7158500F4C4CC /* Resources */,
			);
			buildRules = (
			);
			dependencies = (
			);
			name = ChefDelivery;
			productName = ChefDelivery;
			productReference = 2EA59A7D2AD7158500F4C4CC /* ChefDelivery.app */;
			productType = "com.apple.product-type.application";
		};
/* End PBXNativeTarget section */

/* Begin PBXProject section */
		2EA59A752AD7158500F4C4CC /* Project object */ = {
			isa = PBXProject;
			attributes = {
				BuildIndependentTargetsInParallel = 1;
				LastSwiftUpdateCheck = 1420;
				LastUpgradeCheck = 1420;
				TargetAttributes = {
					2EA59A7C2AD7158500F4C4CC = {
						CreatedOnToolsVersion = 14.2;
					};
				};
			};
			buildConfigurationList = 2EA59A782AD7158500F4C4CC /* Build configuration list for PBXProject "ChefDelivery" */;
			compatibilityVersion = "Xcode 14.0";
			developmentRegion = en;
			hasScannedForEncodings = 0;
			knownRegions = (
				en,
				Base,
			);
			mainGroup = 2EA59A742AD7158500F4C4CC;
			productRefGroup = 2EA59A7E2AD7158500F4C4CC /* Products */;
			projectDirPath = "";
			projectRoot = "";
			targets = (
				2EA59A7C2AD7158500F4C4CC /* ChefDelivery */,
			);
		};
/* End PBXProject section */

/* Begin PBXResourcesBuildPhase section */
		2EA59A7B2AD7158500F4C4CC /* Resources */ = {
			isa = PBXResourcesBuildPhase;
			buildActionMask = 2147483647;
			files = (
				2EA59A882AD7158600F4C4CC /* Preview Assets.xcassets in Resources */,
				2EA59A852AD7158600F4C4CC /* Assets.xcassets in Resources */,
			);
			runOnlyForDeploymentPostprocessing = 0;
		};
/* End PBXResourcesBuildPhase section */

/* Begin PBXSourcesBuildPhase section */
		2EA59A792AD7158500F4C4CC /* Sources */ = {
			isa = PBXSourcesBuildPhase;
			buildActionMask = 2147483647;
			files = (
				2EF2DB752AE6EDCC0007ECC4 /* OrderType.swift in Sources */,
				2EF2DB7C2AE705250007ECC4 /* CarouselItemView.swift in Sources */,
				2EA59A832AD7158500F4C4CC /* ContentView.swift in Sources */,
				2EF2DB772AE6EE510007ECC4 /* DataSourceMock.swift in Sources */,
				2EF2DB792AE6F9750007ECC4 /* OrderTypeView.swift in Sources */,
				2EF2DB812AE7E9250007ECC4 /* StoreItemView.swift in Sources */,
				2EF2DB722AE6E3170007ECC4 /* OrderTypeGridView.swift in Sources */,
				2EA59A812AD7158500F4C4CC /* ChefDeliveryApp.swift in Sources */,
				2EF2DB6F2AE69FF80007ECC4 /* NavigationBar.swift in Sources */,
				2EF2DB862AE7F3270007ECC4 /* HomeView.swift in Sources */,
				2EF2DB7E2AE707070007ECC4 /* CarouselTabView.swift in Sources */,
				2EF2DB832AE7EBF20007ECC4 /* StoreContainerView.swift in Sources */,
			);
			runOnlyForDeploymentPostprocessing = 0;
		};
/* End PBXSourcesBuildPhase section */

/* Begin XCBuildConfiguration section */
		2EA59A892AD7158600F4C4CC /* Debug */ = {
			isa = XCBuildConfiguration;
			buildSettings = {
				ALWAYS_SEARCH_USER_PATHS = NO;
				CLANG_ANALYZER_NONNULL = YES;
				CLANG_ANALYZER_NUMBER_OBJECT_CONVERSION = YES_AGGRESSIVE;
				CLANG_CXX_LANGUAGE_STANDARD = "gnu++20";
				CLANG_ENABLE_MODULES = YES;
				CLANG_ENABLE_OBJC_ARC = YES;
				CLANG_ENABLE_OBJC_WEAK = YES;
				CLANG_WARN_BLOCK_CAPTURE_AUTORELEASING = YES;
				CLANG_WARN_BOOL_CONVERSION = YES;
				CLANG_WARN_COMMA = YES;
				CLANG_WARN_CONSTANT_CONVERSION = YES;
				CLANG_WARN_DEPRECATED_OBJC_IMPLEMENTATIONS = YES;
				CLANG_WARN_DIRECT_OBJC_ISA_USAGE = YES_ERROR;
				CLANG_WARN_DOCUMENTATION_COMMENTS = YES;
				CLANG_WARN_EMPTY_BODY = YES;
				CLANG_WARN_ENUM_CONVERSION = YES;
				CLANG_WARN_INFINITE_RECURSION = YES;
				CLANG_WARN_INT_CONVERSION = YES;
				CLANG_WARN_NON_LITERAL_NULL_CONVERSION = YES;
				CLANG_WARN_OBJC_IMPLICIT_RETAIN_SELF = YES;
				CLANG_WARN_OBJC_LITERAL_CONVERSION = YES;
				CLANG_WARN_OBJC_ROOT_CLASS = YES_ERROR;
				CLANG_WARN_QUOTED_INCLUDE_IN_FRAMEWORK_HEADER = YES;
				CLANG_WARN_RANGE_LOOP_ANALYSIS = YES;
				CLANG_WARN_STRICT_PROTOTYPES = YES;
				CLANG_WARN_SUSPICIOUS_MOVE = YES;
				CLANG_WARN_UNGUARDED_AVAILABILITY = YES_AGGRESSIVE;
				CLANG_WARN_UNREACHABLE_CODE = YES;
				CLANG_WARN__DUPLICATE_METHOD_MATCH = YES;
				COPY_PHASE_STRIP = NO;
				DEBUG_INFORMATION_FORMAT = dwarf;
				ENABLE_STRICT_OBJC_MSGSEND = YES;
				ENABLE_TESTABILITY = YES;
				GCC_C_LANGUAGE_STANDARD = gnu11;
				GCC_DYNAMIC_NO_PIC = NO;
				GCC_NO_COMMON_BLOCKS = YES;
				GCC_OPTIMIZATION_LEVEL = 0;
				GCC_PREPROCESSOR_DEFINITIONS = (
					"DEBUG=1",
					"$(inherited)",
				);
				GCC_WARN_64_TO_32_BIT_CONVERSION = YES;
				GCC_WARN_ABOUT_RETURN_TYPE = YES_ERROR;
				GCC_WARN_UNDECLARED_SELECTOR = YES;
				GCC_WARN_UNINITIALIZED_AUTOS = YES_AGGRESSIVE;
				GCC_WARN_UNUSED_FUNCTION = YES;
				GCC_WARN_UNUSED_VARIABLE = YES;
				IPHONEOS_DEPLOYMENT_TARGET = 16.2;
				MTL_ENABLE_DEBUG_INFO = INCLUDE_SOURCE;
				MTL_FAST_MATH = YES;
				ONLY_ACTIVE_ARCH = YES;
				SDKROOT = iphoneos;
				SWIFT_ACTIVE_COMPILATION_CONDITIONS = DEBUG;
				SWIFT_OPTIMIZATION_LEVEL = "-Onone";
			};
			name = Debug;
		};
		2EA59A8A2AD7158600F4C4CC /* Release */ = {
			isa = XCBuildConfiguration;
			buildSettings = {
				ALWAYS_SEARCH_USER_PATHS = NO;
				CLANG_ANALYZER_NONNULL = YES;
				CLANG_ANALYZER_NUMBER_OBJECT_CONVERSION = YES_AGGRESSIVE;
				CLANG_CXX_LANGUAGE_STANDARD = "gnu++20";
				CLANG_ENABLE_MODULES = YES;
				CLANG_ENABLE_OBJC_ARC = YES;
				CLANG_ENABLE_OBJC_WEAK = YES;
				CLANG_WARN_BLOCK_CAPTURE_AUTORELEASING = YES;
				CLANG_WARN_BOOL_CONVERSION = YES;
				CLANG_WARN_COMMA = YES;
				CLANG_WARN_CONSTANT_CONVERSION = YES;
				CLANG_WARN_DEPRECATED_OBJC_IMPLEMENTATIONS = YES;
				CLANG_WARN_DIRECT_OBJC_ISA_USAGE = YES_ERROR;
				CLANG_WARN_DOCUMENTATION_COMMENTS = YES;
				CLANG_WARN_EMPTY_BODY = YES;
				CLANG_WARN_ENUM_CONVERSION = YES;
				CLANG_WARN_INFINITE_RECURSION = YES;
				CLANG_WARN_INT_CONVERSION = YES;
				CLANG_WARN_NON_LITERAL_NULL_CONVERSION = YES;
				CLANG_WARN_OBJC_IMPLICIT_RETAIN_SELF = YES;
				CLANG_WARN_OBJC_LITERAL_CONVERSION = YES;
				CLANG_WARN_OBJC_ROOT_CLASS = YES_ERROR;
				CLANG_WARN_QUOTED_INCLUDE_IN_FRAMEWORK_HEADER = YES;
				CLANG_WARN_RANGE_LOOP_ANALYSIS = YES;
				CLANG_WARN_STRICT_PROTOTYPES = YES;
				CLANG_WARN_SUSPICIOUS_MOVE = YES;
				CLANG_WARN_UNGUARDED_AVAILABILITY = YES_AGGRESSIVE;
				CLANG_WARN_UNREACHABLE_CODE = YES;
				CLANG_WARN__DUPLICATE_METHOD_MATCH = YES;
				COPY_PHASE_STRIP = NO;
				DEBUG_INFORMATION_FORMAT = "dwarf-with-dsym";
				ENABLE_NS_ASSERTIONS = NO;
				ENABLE_STRICT_OBJC_MSGSEND = YES;
				GCC_C_LANGUAGE_STANDARD = gnu11;
				GCC_NO_COMMON_BLOCKS = YES;
				GCC_WARN_64_TO_32_BIT_CONVERSION = YES;
				GCC_WARN_ABOUT_RETURN_TYPE = YES_ERROR;
				GCC_WARN_UNDECLARED_SELECTOR = YES;
				GCC_WARN_UNINITIALIZED_AUTOS = YES_AGGRESSIVE;
				GCC_WARN_UNUSED_FUNCTION = YES;
				GCC_WARN_UNUSED_VARIABLE = YES;
				IPHONEOS_DEPLOYMENT_TARGET = 16.2;
				MTL_ENABLE_DEBUG_INFO = NO;
				MTL_FAST_MATH = YES;
				SDKROOT = iphoneos;
				SWIFT_COMPILATION_MODE = wholemodule;
				SWIFT_OPTIMIZATION_LEVEL = "-O";
				VALIDATE_PRODUCT = YES;
			};
			name = Release;
		};
		2EA59A8C2AD7158600F4C4CC /* Debug */ = {
			isa = XCBuildConfiguration;
			buildSettings = {
				ASSETCATALOG_COMPILER_APPICON_NAME = AppIcon;
				ASSETCATALOG_COMPILER_GLOBAL_ACCENT_COLOR_NAME = AccentColor;
				CODE_SIGN_STYLE = Automatic;
				CURRENT_PROJECT_VERSION = 1;
				DEVELOPMENT_ASSET_PATHS = "\"ChefDelivery/Preview Content\"";
				ENABLE_PREVIEWS = YES;
				GENERATE_INFOPLIST_FILE = YES;
				INFOPLIST_KEY_UIApplicationSceneManifest_Generation = YES;
				INFOPLIST_KEY_UIApplicationSupportsIndirectInputEvents = YES;
				INFOPLIST_KEY_UILaunchScreen_Generation = YES;
				INFOPLIST_KEY_UISupportedInterfaceOrientations_iPad = "UIInterfaceOrientationPortrait UIInterfaceOrientationPortraitUpsideDown UIInterfaceOrientationLandscapeLeft UIInterfaceOrientationLandscapeRight";
				INFOPLIST_KEY_UISupportedInterfaceOrientations_iPhone = "UIInterfaceOrientationPortrait UIInterfaceOrientationLandscapeLeft UIInterfaceOrientationLandscapeRight";
				LD_RUNPATH_SEARCH_PATHS = (
					"$(inherited)",
					"@executable_path/Frameworks",
				);
				MARKETING_VERSION = 1.0;
				PRODUCT_BUNDLE_IDENTIFIER = diego.rodrigues.ChefDelivery;
				PRODUCT_NAME = "$(TARGET_NAME)";
				SWIFT_EMIT_LOC_STRINGS = YES;
				SWIFT_VERSION = 5.0;
				TARGETED_DEVICE_FAMILY = "1,2";
			};
			name = Debug;
		};
		2EA59A8D2AD7158600F4C4CC /* Release */ = {
			isa = XCBuildConfiguration;
			buildSettings = {
				ASSETCATALOG_COMPILER_APPICON_NAME = AppIcon;
				ASSETCATALOG_COMPILER_GLOBAL_ACCENT_COLOR_NAME = AccentColor;
				CODE_SIGN_STYLE = Automatic;
				CURRENT_PROJECT_VERSION = 1;
				DEVELOPMENT_ASSET_PATHS = "\"ChefDelivery/Preview Content\"";
				ENABLE_PREVIEWS = YES;
				GENERATE_INFOPLIST_FILE = YES;
				INFOPLIST_KEY_UIApplicationSceneManifest_Generation = YES;
				INFOPLIST_KEY_UIApplicationSupportsIndirectInputEvents = YES;
				INFOPLIST_KEY_UILaunchScreen_Generation = YES;
				INFOPLIST_KEY_UISupportedInterfaceOrientations_iPad = "UIInterfaceOrientationPortrait UIInterfaceOrientationPortraitUpsideDown UIInterfaceOrientationLandscapeLeft UIInterfaceOrientationLandscapeRight";
				INFOPLIST_KEY_UISupportedInterfaceOrientations_iPhone = "UIInterfaceOrientationPortrait UIInterfaceOrientationLandscapeLeft UIInterfaceOrientationLandscapeRight";
				LD_RUNPATH_SEARCH_PATHS = (
					"$(inherited)",
					"@executable_path/Frameworks",
				);
				MARKETING_VERSION = 1.0;
				PRODUCT_BUNDLE_IDENTIFIER = diego.rodrigues.ChefDelivery;
				PRODUCT_NAME = "$(TARGET_NAME)";
				SWIFT_EMIT_LOC_STRINGS = YES;
				SWIFT_VERSION = 5.0;
				TARGETED_DEVICE_FAMILY = "1,2";
			};
			name = Release;
		};
/* End XCBuildConfiguration section */

/* Begin XCConfigurationList section */
		2EA59A782AD7158500F4C4CC /* Build configuration list for PBXProject "ChefDelivery" */ = {
			isa = XCConfigurationList;
			buildConfigurations = (
				2EA59A892AD7158600F4C4CC /* Debug */,
				2EA59A8A2AD7158600F4C4CC /* Release */,
			);
			defaultConfigurationIsVisible = 0;
			defaultConfigurationName = Release;
		};
		2EA59A8B2AD7158600F4C4CC /* Build configuration list for PBXNativeTarget "ChefDelivery" */ = {
			isa = XCConfigurationList;
			buildConfigurations = (
				2EA59A8C2AD7158600F4C4CC /* Debug */,
				2EA59A8D2AD7158600F4C4CC /* Release */,
			);
			defaultConfigurationIsVisible = 0;
			defaultConfigurationName = Release;
		};
/* End XCConfigurationList section */
	};
	rootObject = 2EA59A752AD7158500F4C4CC /* Project object */;
}
